<?xml version="1.0" encoding="utf-8"?>
<Project ToolsVersion="4.0" xmlns="http://schemas.microsoft.com/developer/msbuild/2003">
  <ItemGroup>
    <Filter Include="Файлы заголовков">
      <UniqueIdentifier>{93995380-89BD-4b04-88EB-625FBE52EBFB}</UniqueIdentifier>
      <Extensions>h;hh;hpp;hxx;h++;hm;inl;inc;ipp;xsd</Extensions>
    </Filter>
    <Filter Include="Файлы ресурсов">
      <UniqueIdentifier>{67DA6AB6-F800-4c08-8B7A-83BB121AAD01}</UniqueIdentifier>
      <Extensions>rc;ico;cur;bmp;dlg;rc2;rct;bin;rgs;gif;jpg;jpeg;jpe;resx;tiff;tif;png;wav;mfcribbon-ms</Extensions>
    </Filter>
    <Filter Include="Исходные файлы">
      <UniqueIdentifier>{b2139a79-242e-4e5c-a813-7489e6e3f153}</UniqueIdentifier>
    </Filter>
    <Filter Include="Исходные файлы\Map_rhombs">
      <UniqueIdentifier>{fda5332f-1b31-4af4-bae7-31b58b48a754}</UniqueIdentifier>
    </Filter>
    <Filter Include="Файлы заголовков\Map_rhombs">
      <UniqueIdentifier>{0f4a114c-e79b-4aab-8417-3e1153e43355}</UniqueIdentifier>
    </Filter>
  </ItemGroup>
  <ItemGroup>
    <ClCompile Include="stdafx.cpp">
      <Filter>Исходные файлы</Filter>
    </ClCompile>
    <ClCompile Include="Main.cpp">
      <Filter>Исходные файлы</Filter>
    </ClCompile>
    <ClCompile Include="Helper.cpp">
      <Filter>Исходные файлы</Filter>
    </ClCompile>
    <ClCompile Include="Parser.cpp">
      <Filter>Исходные файлы</Filter>
    </ClCompile>
    <ClCompile Include="Converter.cpp">
      <Filter>Исходные файлы</Filter>
    </ClCompile>
    <ClCompile Include="Displayinfo.cpp">
      <Filter>Исходные файлы</Filter>
    </ClCompile>
    <ClCompile Include="Lang.cpp">
      <Filter>Исходные файлы</Filter>
    </ClCompile>
    <ClCompile Include="Beach.cpp">
      <Filter>Исходные файлы\Map_rhombs</Filter>
    </ClCompile>
    <ClCompile Include="Desert.cpp">
      <Filter>Исходные файлы\Map_rhombs</Filter>
    </ClCompile>
    <ClCompile Include="Summer.cpp">
      <Filter>Исходные файлы\Map_rhombs</Filter>
    </ClCompile>
    <ClCompile Include="Winter.cpp">
      <Filter>Исходные файлы\Map_rhombs</Filter>
    </ClCompile>
  </ItemGroup>
  <ItemGroup>
    <ClInclude Include="util.h">
      <Filter>Файлы заголовков</Filter>
    </ClInclude>
    <ClInclude Include="stdafx.h">
      <Filter>Файлы заголовков</Filter>
    </ClInclude>
    <ClInclude Include="Helper.h">
      <Filter>Файлы заголовков</Filter>
    </ClInclude>
    <ClInclude Include="Parser.h">
      <Filter>Файлы заголовков</Filter>
    </ClInclude>
    <ClInclude Include="Converter.h">
      <Filter>Файлы заголовков</Filter>
    </ClInclude>
    <ClInclude Include="Displayinfo.h">
      <Filter>Файлы заголовков</Filter>
    </ClInclude>
    <ClInclude Include="Lang.h">
      <Filter>Файлы заголовков</Filter>
    </ClInclude>
    <ClInclude Include="Beach.h">
      <Filter>Файлы заголовков\Map_rhombs</Filter>
    </ClInclude>
    <ClInclude Include="Desert.h">
      <Filter>Файлы заголовков\Map_rhombs</Filter>
    </ClInclude>
    <ClInclude Include="Summer.h">
      <Filter>Файлы заголовков\Map_rhombs</Filter>
    </ClInclude>
    <ClInclude Include="Winter.h">
      <Filter>Файлы заголовков\Map_rhombs</Filter>
    </ClInclude>
  </ItemGroup>
</Project>